
Microsoft Visual Studio Solution File, Format Version 12.00
# Visual Studio Version 16
VisualStudioVersion = 16.0.31702.278
MinimumVisualStudioVersion = 10.0.40219.1
Project("{9A19103F-16F7-4668-BE54-9A1E7A4F7556}") = "bdd.workshop.calculator", "bdd.workshop.calculator\bdd.workshop.calculator.csproj", "{1C966E01-CE44-419E-A227-39E9797E84D1}"
EndProject
Project("{9A19103F-16F7-4668-BE54-9A1E7A4F7556}") = "bdd.workshop.calculator.console", "bdd.workshop.calculator.console\bdd.workshop.calculator.console.csproj", "{7838C9FC-12E0-44F8-A246-0DE3EEB29814}"
EndProject
Project("{9A19103F-16F7-4668-BE54-9A1E7A4F7556}") = "bdd.workshop.calculator.web", "bdd.workshop.calculator.web\bdd.workshop.calculator.web.csproj", "{C694AF33-B7B3-4C90-9D9D-D17E8D930271}"
EndProject
Project("{2150E333-8FDC-42A3-9474-1A3956D46DE8}") = "UnitTests", "UnitTests", "{5BAE8444-7126-4270-98AD-16BE8663E5FF}"
EndProject
Project("{9A19103F-16F7-4668-BE54-9A1E7A4F7556}") = "bdd.workshop.calculator.tests.xunit", "bdd.workshop.calculator.tests.xunit\bdd.workshop.calculator.tests.xunit.csproj", "{C142C8F7-1CBA-40F6-A482-2EB97107966C}"
EndProject
Project("{9A19103F-16F7-4668-BE54-9A1E7A4F7556}") = "bdd.workshop.calculator.test.selenium", "bdd.workshop.calculator.test.selenium\bdd.workshop.calculator.test.selenium.csproj", "{71A81B66-BF17-423B-A1AC-7D4372E971CD}"
EndProject
Project("{2150E333-8FDC-42A3-9474-1A3956D46DE8}") = "BDD", "BDD", "{2FCEFEC4-AF31-42F7-8482-6C03A02A4DF7}"
EndProject
Project("{FAE04EC0-301F-11D3-BF4B-00C04F79EFBC}") = "bdd.workshop.calculator.tests.tdd", "bdd.workshop.calculator.tests.tdd\bdd.workshop.calculator.tests.tdd.csproj", "{635F0C0F-0258-4958-8041-61FE783BD56A}"
EndProject
Project("{FAE04EC0-301F-11D3-BF4B-00C04F79EFBC}") = "bdd.workshop.calculator.tests.selenium", "bdd.workshop.calculator.tests.selenium\bdd.workshop.calculator.tests.selenium.csproj", "{1EB888FD-8B66-41A2-AB7C-F9B5910B46E9}"
EndProject
Global
	GlobalSection(SolutionConfigurationPlatforms) = preSolution
		Debug|Any CPU = Debug|Any CPU
		Release|Any CPU = Release|Any CPU
	EndGlobalSection
	GlobalSection(ProjectConfigurationPlatforms) = postSolution
		{1C966E01-CE44-419E-A227-39E9797E84D1}.Debug|Any CPU.ActiveCfg = Debug|Any CPU
		{1C966E01-CE44-419E-A227-39E9797E84D1}.Debug|Any CPU.Build.0 = Debug|Any CPU
		{1C966E01-CE44-419E-A227-39E9797E84D1}.Release|Any CPU.ActiveCfg = Release|Any CPU
		{1C966E01-CE44-419E-A227-39E9797E84D1}.Release|Any CPU.Build.0 = Release|Any CPU
		{7838C9FC-12E0-44F8-A246-0DE3EEB29814}.Debug|Any CPU.ActiveCfg = Debug|Any CPU
		{7838C9FC-12E0-44F8-A246-0DE3EEB29814}.Debug|Any CPU.Build.0 = Debug|Any CPU
		{7838C9FC-12E0-44F8-A246-0DE3EEB29814}.Release|Any CPU.ActiveCfg = Release|Any CPU
		{7838C9FC-12E0-44F8-A246-0DE3EEB29814}.Release|Any CPU.Build.0 = Release|Any CPU
		{C694AF33-B7B3-4C90-9D9D-D17E8D930271}.Debug|Any CPU.ActiveCfg = Debug|Any CPU
		{C694AF33-B7B3-4C90-9D9D-D17E8D930271}.Debug|Any CPU.Build.0 = Debug|Any CPU
		{C694AF33-B7B3-4C90-9D9D-D17E8D930271}.Release|Any CPU.ActiveCfg = Release|Any CPU
		{C694AF33-B7B3-4C90-9D9D-D17E8D930271}.Release|Any CPU.Build.0 = Release|Any CPU
		{C142C8F7-1CBA-40F6-A482-2EB97107966C}.Debug|Any CPU.ActiveCfg = Debug|Any CPU
		{C142C8F7-1CBA-40F6-A482-2EB97107966C}.Debug|Any CPU.Build.0 = Debug|Any CPU
		{C142C8F7-1CBA-40F6-A482-2EB97107966C}.Release|Any CPU.ActiveCfg = Release|Any CPU
		{C142C8F7-1CBA-40F6-A482-2EB97107966C}.Release|Any CPU.Build.0 = Release|Any CPU
		{71A81B66-BF17-423B-A1AC-7D4372E971CD}.Debug|Any CPU.ActiveCfg = Debug|Any CPU
		{71A81B66-BF17-423B-A1AC-7D4372E971CD}.Debug|Any CPU.Build.0 = Debug|Any CPU
		{71A81B66-BF17-423B-A1AC-7D4372E971CD}.Release|Any CPU.ActiveCfg = Release|Any CPU
		{71A81B66-BF17-423B-A1AC-7D4372E971CD}.Release|Any CPU.Build.0 = Release|Any CPU
		{635F0C0F-0258-4958-8041-61FE783BD56A}.Debug|Any CPU.ActiveCfg = Debug|Any CPU
		{635F0C0F-0258-4958-8041-61FE783BD56A}.Debug|Any CPU.Build.0 = Debug|Any CPU
		{635F0C0F-0258-4958-8041-61FE783BD56A}.Release|Any CPU.ActiveCfg = Release|Any CPU
		{635F0C0F-0258-4958-8041-61FE783BD56A}.Release|Any CPU.Build.0 = Release|Any CPU
		{1EB888FD-8B66-41A2-AB7C-F9B5910B46E9}.Debug|Any CPU.ActiveCfg = Debug|Any CPU
		{1EB888FD-8B66-41A2-AB7C-F9B5910B46E9}.Debug|Any CPU.Build.0 = Debug|Any CPU
		{1EB888FD-8B66-41A2-AB7C-F9B5910B46E9}.Release|Any CPU.ActiveCfg = Release|Any CPU
		{1EB888FD-8B66-41A2-AB7C-F9B5910B46E9}.Release|Any CPU.Build.0 = Release|Any CPU
	EndGlobalSection
	GlobalSection(SolutionProperties) = preSolution
		HideSolutionNode = FALSE
	EndGlobalSection
	GlobalSection(NestedProjects) = preSolution
		{C142C8F7-1CBA-40F6-A482-2EB97107966C} = {5BAE8444-7126-4270-98AD-16BE8663E5FF}
		{71A81B66-BF17-423B-A1AC-7D4372E971CD} = {5BAE8444-7126-4270-98AD-16BE8663E5FF}
		{635F0C0F-0258-4958-8041-61FE783BD56A} = {2FCEFEC4-AF31-42F7-8482-6C03A02A4DF7}
		{1EB888FD-8B66-41A2-AB7C-F9B5910B46E9} = {2FCEFEC4-AF31-42F7-8482-6C03A02A4DF7}
	EndGlobalSection
	GlobalSection(ExtensibilityGlobals) = postSolution
		SolutionGuid = {78105378-371B-4D41-9D8A-CCB6C6F2FF30}
	EndGlobalSection
EndGlobal
